// !$*UTF8*$!
{
	archiveVersion = 1;
	classes = {
	};
	objectVersion = 46;
	objects = {

/* Begin PBXBuildFile section */
		49048C451587E9B2009BAFC3 /* UIKit.framework in Frameworks */ = {isa = PBXBuildFile; fileRef = 49048C441587E9B2009BAFC3 /* UIKit.framework */; };
		49048C471587E9B2009BAFC3 /* Foundation.framework in Frameworks */ = {isa = PBXBuildFile; fileRef = 49048C461587E9B2009BAFC3 /* Foundation.framework */; };
		49048C491587E9B2009BAFC3 /* CoreGraphics.framework in Frameworks */ = {isa = PBXBuildFile; fileRef = 49048C481587E9B2009BAFC3 /* CoreGraphics.framework */; };
		49048C7D1587EBC2009BAFC3 /* QuartzCore.framework in Frameworks */ = {isa = PBXBuildFile; fileRef = 49048C7C1587EBC2009BAFC3 /* QuartzCore.framework */; };
		49048D2C15881E1F009BAFC3 /* InfoPlist.strings in Resources */ = {isa = PBXBuildFile; fileRef = 49048D2915881DAE009BAFC3 /* InfoPlist.strings */; };
		49048D5C15881EE0009BAFC3 /* AFHTTPClient.m in Sources */ = {isa = PBXBuildFile; fileRef = 49048D4615881EC8009BAFC3 /* AFHTTPClient.m */; settings = {COMPILER_FLAGS = "-fno-objc-arc"; }; };
		49048D5D15881EE0009BAFC3 /* AFHTTPRequestOperation.m in Sources */ = {isa = PBXBuildFile; fileRef = 49048D4715881EC8009BAFC3 /* AFHTTPRequestOperation.m */; settings = {COMPILER_FLAGS = "-fno-objc-arc"; }; };
		49048D5E15881EE0009BAFC3 /* AFImageCache.m in Sources */ = {isa = PBXBuildFile; fileRef = 49048D4815881EC8009BAFC3 /* AFImageCache.m */; settings = {COMPILER_FLAGS = "-fno-objc-arc"; }; };
		49048D5F15881EE0009BAFC3 /* AFImageRequestOperation.m in Sources */ = {isa = PBXBuildFile; fileRef = 49048D4915881EC8009BAFC3 /* AFImageRequestOperation.m */; settings = {COMPILER_FLAGS = "-fno-objc-arc"; }; };
		49048D6015881EE0009BAFC3 /* AFJSONRequestOperation.m in Sources */ = {isa = PBXBuildFile; fileRef = 49048D4A15881EC8009BAFC3 /* AFJSONRequestOperation.m */; settings = {COMPILER_FLAGS = "-fno-objc-arc"; }; };
		49048D6115881EE0009BAFC3 /* AFNetworkActivityIndicatorManager.m in Sources */ = {isa = PBXBuildFile; fileRef = 49048D4B15881EC8009BAFC3 /* AFNetworkActivityIndicatorManager.m */; settings = {COMPILER_FLAGS = "-fno-objc-arc"; }; };
		49048D6215881EE0009BAFC3 /* AFPropertyListRequestOperation.m in Sources */ = {isa = PBXBuildFile; fileRef = 49048D4C15881EC8009BAFC3 /* AFPropertyListRequestOperation.m */; settings = {COMPILER_FLAGS = "-fno-objc-arc"; }; };
		49048D6315881EE0009BAFC3 /* AFURLConnectionOperation.m in Sources */ = {isa = PBXBuildFile; fileRef = 49048D4D15881EC8009BAFC3 /* AFURLConnectionOperation.m */; settings = {COMPILER_FLAGS = "-fno-objc-arc"; }; };
		49048D6415881EE0009BAFC3 /* AFXMLRequestOperation.m in Sources */ = {isa = PBXBuildFile; fileRef = 49048D4E15881EC8009BAFC3 /* AFXMLRequestOperation.m */; settings = {COMPILER_FLAGS = "-fno-objc-arc"; }; };
		49048D6515881EE0009BAFC3 /* UIImageView+AFNetworking.m in Sources */ = {isa = PBXBuildFile; fileRef = 49048D4F15881EC8009BAFC3 /* UIImageView+AFNetworking.m */; settings = {COMPILER_FLAGS = "-fno-objc-arc"; }; };
		49048D6615881F95009BAFC3 /* libSSToolkit.a in Frameworks */ = {isa = PBXBuildFile; fileRef = 49048CBC1587F307009BAFC3 /* libSSToolkit.a */; };
		49048D6715881FC0009BAFC3 /* SSToolkitResources.bundle in Resources */ = {isa = PBXBuildFile; fileRef = 49048CC01587F307009BAFC3 /* SSToolkitResources.bundle */; };
		49048D7215882144009BAFC3 /* main.m in Sources */ = {isa = PBXBuildFile; fileRef = 49048D7115882144009BAFC3 /* main.m */; };
		49537440158821B600356E1D /* SCImageCollectionViewItem.m in Sources */ = {isa = PBXBuildFile; fileRef = 49048D6D15882112009BAFC3 /* SCImageCollectionViewItem.m */; };
		49537442158821B600356E1D /* GMAppDelegate.m in Sources */ = {isa = PBXBuildFile; fileRef = 49048D69158820F8009BAFC3 /* GMAppDelegate.m */; };
		49537443158821B600356E1D /* GMSplashViewController.m in Sources */ = {isa = PBXBuildFile; fileRef = 49048D6B15882107009BAFC3 /* GMSplashViewController.m */; };
		495374511589253500356E1D /* SplashImages.plist in Resources */ = {isa = PBXBuildFile; fileRef = 495374501589253500356E1D /* SplashImages.plist */; };
		4953745515894F7F00356E1D /* GMSplashImagesStore.m in Sources */ = {isa = PBXBuildFile; fileRef = 4953745415894F7F00356E1D /* GMSplashImagesStore.m */; };
		495374671589721000356E1D /* logo.png in Resources */ = {isa = PBXBuildFile; fileRef = 495374661589721000356E1D /* logo.png */; };
		495374691589726200356E1D /* logo@2x.png in Resources */ = {isa = PBXBuildFile; fileRef = 495374681589726200356E1D /* logo@2x.png */; };
		49537479158A7ADD00356E1D /* icon-72.png in Resources */ = {isa = PBXBuildFile; fileRef = 49537478158A7ADD00356E1D /* icon-72.png */; };
		4953747C158A7AED00356E1D /* icon.png in Resources */ = {isa = PBXBuildFile; fileRef = 4953747A158A7AED00356E1D /* icon.png */; };
		4953747D158A7AED00356E1D /* icon@2x.png in Resources */ = {isa = PBXBuildFile; fileRef = 4953747B158A7AED00356E1D /* icon@2x.png */; };
		49537484158A7D4300356E1D /* navbarBackground.png in Resources */ = {isa = PBXBuildFile; fileRef = 49537482158A7D4300356E1D /* navbarBackground.png */; };
		49537485158A7D4300356E1D /* navbarBackground@2x.png in Resources */ = {isa = PBXBuildFile; fileRef = 49537483158A7D4300356E1D /* navbarBackground@2x.png */; };
		4953748C158A7F9700356E1D /* navToolbarBackground.png in Resources */ = {isa = PBXBuildFile; fileRef = 4953748A158A7F9700356E1D /* navToolbarBackground.png */; };
		4953748D158A7F9700356E1D /* navToolbarBackground@2x.png in Resources */ = {isa = PBXBuildFile; fileRef = 4953748B158A7F9700356E1D /* navToolbarBackground@2x.png */; };
		496DDABF158BEC850077E402 /* GMSplashNavigationController.m in Sources */ = {isa = PBXBuildFile; fileRef = 496DDAB8158BEC000077E402 /* GMSplashNavigationController.m */; };
		496DDACC158C02FD0077E402 /* navigationBarBackButton.png in Resources */ = {isa = PBXBuildFile; fileRef = 496DDACA158C02FD0077E402 /* navigationBarBackButton.png */; };
		496DDACF158C03120077E402 /* navigationBarBackButton@2x.png in Resources */ = {isa = PBXBuildFile; fileRef = 496DDACE158C03120077E402 /* navigationBarBackButton@2x.png */; };
		496DDB2815900EB00077E402 /* GMRegistrationViewController.m in Sources */ = {isa = PBXBuildFile; fileRef = 496DDB2615900EA30077E402 /* GMRegistrationViewController.m */; };
		496DDB2B15900EFA0077E402 /* GMRegistrationViewController.xib in Resources */ = {isa = PBXBuildFile; fileRef = 496DDB2A15900EFA0077E402 /* GMRegistrationViewController.xib */; };
		496DDB3F159112640077E402 /* GMGrubmAPIClient.m in Sources */ = {isa = PBXBuildFile; fileRef = 496DDB3E159112640077E402 /* GMGrubmAPIClient.m */; };
		496DDB55159224670077E402 /* GMSuggestedFoodTagsViewController.m in Sources */ = {isa = PBXBuildFile; fileRef = 496DDB54159224670077E402 /* GMSuggestedFoodTagsViewController.m */; };
		496DDB5715922AA90077E402 /* SuggestedFoodTags.plist in Resources */ = {isa = PBXBuildFile; fileRef = 496DDB5615922AA90077E402 /* SuggestedFoodTags.plist */; };
		496DDB5A159230C60077E402 /* GMSuggestedFoodHeaderView.m in Sources */ = {isa = PBXBuildFile; fileRef = 496DDB59159230C60077E402 /* GMSuggestedFoodHeaderView.m */; };
		496DDB5D1592356B0077E402 /* GMSuggestedFoodsStore.m in Sources */ = {isa = PBXBuildFile; fileRef = 496DDB5C1592356B0077E402 /* GMSuggestedFoodsStore.m */; };
		496DDB631592440A0077E402 /* GMFindFriendsViewController.m in Sources */ = {isa = PBXBuildFile; fileRef = 496DDB61159244090077E402 /* GMFindFriendsViewController.m */; };
		496DDB6E15925ED80077E402 /* UITableView+ReloadWithAnimation.m in Sources */ = {isa = PBXBuildFile; fileRef = 496DDB6D15925ED80077E402 /* UITableView+ReloadWithAnimation.m */; };
		496DDB84159B99630077E402 /* libfacebook_ios_sdk.a in Frameworks */ = {isa = PBXBuildFile; fileRef = 496DDB75159B99630077E402 /* libfacebook_ios_sdk.a */; };
		496DDB85159B99630077E402 /* FBDialog.bundle in Resources */ = {isa = PBXBuildFile; fileRef = 496DDB83159B99630077E402 /* FBDialog.bundle */; };
		496DDB8F159BC1500077E402 /* GMBaseFacebookViewController.m in Sources */ = {isa = PBXBuildFile; fileRef = 496DDB8E159BC14F0077E402 /* GMBaseFacebookViewController.m */; };
		496DDB92159BC1D70077E402 /* GMFindFacebookFriendsViewController.m in Sources */ = {isa = PBXBuildFile; fileRef = 496DDB91159BC1D70077E402 /* GMFindFacebookFriendsViewController.m */; };
		49AB76A9159D242400E7E326 /* blueButton.png in Resources */ = {isa = PBXBuildFile; fileRef = 49AB76A8159D242400E7E326 /* blueButton.png */; };
		49AB76B0159D30BE00E7E326 /* greenButton.png in Resources */ = {isa = PBXBuildFile; fileRef = 49AB76AF159D30BE00E7E326 /* greenButton.png */; };
		49AB76BD159E707900E7E326 /* GMProfilesViewController.m in Sources */ = {isa = PBXBuildFile; fileRef = 49AB76BB159E707900E7E326 /* GMProfilesViewController.m */; };
		49AB76C0159E708400E7E326 /* GMFollowButtonView.m in Sources */ = {isa = PBXBuildFile; fileRef = 49AB76BE159E708400E7E326 /* GMFollowButtonView.m */; };
		49CC9A68159CD9EB00CC66EA /* MBProgressHUD.m in Sources */ = {isa = PBXBuildFile; fileRef = 49CC9A4D159CD9EB00CC66EA /* MBProgressHUD.m */; };
/* End PBXBuildFile section */

/* Begin PBXContainerItemProxy section */
		49048CBB1587F307009BAFC3 /* PBXContainerItemProxy */ = {
			isa = PBXContainerItemProxy;
			containerPortal = 49048CB11587F307009BAFC3 /* SSToolkit.xcodeproj */;
			proxyType = 2;
			remoteGlobalIDString = D2AAC07E0554694100DB518D;
			remoteInfo = SSToolkit;
		};
		49048CBD1587F307009BAFC3 /* PBXContainerItemProxy */ = {
			isa = PBXContainerItemProxy;
			containerPortal = 49048CB11587F307009BAFC3 /* SSToolkit.xcodeproj */;
			proxyType = 2;
			remoteGlobalIDString = B239101D1357DC3E00ADE21B;
			remoteInfo = SSToolkitTests;
		};
		49048CBF1587F307009BAFC3 /* PBXContainerItemProxy */ = {
			isa = PBXContainerItemProxy;
			containerPortal = 49048CB11587F307009BAFC3 /* SSToolkit.xcodeproj */;
			proxyType = 2;
			remoteGlobalIDString = B2C507EA151BA64400E94614;
			remoteInfo = SSToolkitResources;
		};
		49048CC11587F313009BAFC3 /* PBXContainerItemProxy */ = {
			isa = PBXContainerItemProxy;
			containerPortal = 49048CB11587F307009BAFC3 /* SSToolkit.xcodeproj */;
			proxyType = 1;
			remoteGlobalIDString = D2AAC07D0554694100DB518D;
			remoteInfo = SSToolkit;
		};
		49048CC31587F313009BAFC3 /* PBXContainerItemProxy */ = {
			isa = PBXContainerItemProxy;
			containerPortal = 49048CB11587F307009BAFC3 /* SSToolkit.xcodeproj */;
			proxyType = 1;
			remoteGlobalIDString = B2C507E9151BA64400E94614;
			remoteInfo = SSToolkitResources;
		};
		4953757F158BD89100356E1D /* PBXContainerItemProxy */ = {
			isa = PBXContainerItemProxy;
			containerPortal = 49537578158BD89100356E1D /* IBAForms.xcodeproj */;
			proxyType = 2;
			remoteGlobalIDString = D2AAC07E0554694100DB518D;
			remoteInfo = IBAForms;
		};
/* End PBXContainerItemProxy section */

/* Begin PBXFileReference section */
		49048C401587E9B2009BAFC3 /* Grubm.app */ = {isa = PBXFileReference; explicitFileType = wrapper.application; includeInIndex = 0; path = Grubm.app; sourceTree = BUILT_PRODUCTS_DIR; };
		49048C441587E9B2009BAFC3 /* UIKit.framework */ = {isa = PBXFileReference; lastKnownFileType = wrapper.framework; name = UIKit.framework; path = System/Library/Frameworks/UIKit.framework; sourceTree = SDKROOT; };
		49048C461587E9B2009BAFC3 /* Foundation.framework */ = {isa = PBXFileReference; lastKnownFileType = wrapper.framework; name = Foundation.framework; path = System/Library/Frameworks/Foundation.framework; sourceTree = SDKROOT; };
		49048C481587E9B2009BAFC3 /* CoreGraphics.framework */ = {isa = PBXFileReference; lastKnownFileType = wrapper.framework; name = CoreGraphics.framework; path = System/Library/Frameworks/CoreGraphics.framework; sourceTree = SDKROOT; };
		49048C7C1587EBC2009BAFC3 /* QuartzCore.framework */ = {isa = PBXFileReference; lastKnownFileType = wrapper.framework; name = QuartzCore.framework; path = System/Library/Frameworks/QuartzCore.framework; sourceTree = SDKROOT; };
		49048CB11587F307009BAFC3 /* SSToolkit.xcodeproj */ = {isa = PBXFileReference; lastKnownFileType = "wrapper.pb-project"; name = SSToolkit.xcodeproj; path = Vendor/SSToolkit/SSToolkit.xcodeproj; sourceTree = SOURCE_ROOT; };
		49048D2A15881DAE009BAFC3 /* en */ = {isa = PBXFileReference; lastKnownFileType = text.plist.strings; name = en; path = en.lproj/InfoPlist.strings; sourceTree = SOURCE_ROOT; };
		49048D4615881EC8009BAFC3 /* AFHTTPClient.m */ = {isa = PBXFileReference; lastKnownFileType = sourcecode.c.objc; name = AFHTTPClient.m; path = Vendor/AFNetworking/AFNetworking/AFHTTPClient.m; sourceTree = SOURCE_ROOT; };
		49048D4715881EC8009BAFC3 /* AFHTTPRequestOperation.m */ = {isa = PBXFileReference; lastKnownFileType = sourcecode.c.objc; name = AFHTTPRequestOperation.m; path = Vendor/AFNetworking/AFNetworking/AFHTTPRequestOperation.m; sourceTree = SOURCE_ROOT; };
		49048D4815881EC8009BAFC3 /* AFImageCache.m */ = {isa = PBXFileReference; lastKnownFileType = sourcecode.c.objc; name = AFImageCache.m; path = Vendor/AFNetworking/AFNetworking/AFImageCache.m; sourceTree = SOURCE_ROOT; };
		49048D4915881EC8009BAFC3 /* AFImageRequestOperation.m */ = {isa = PBXFileReference; lastKnownFileType = sourcecode.c.objc; name = AFImageRequestOperation.m; path = Vendor/AFNetworking/AFNetworking/AFImageRequestOperation.m; sourceTree = SOURCE_ROOT; };
		49048D4A15881EC8009BAFC3 /* AFJSONRequestOperation.m */ = {isa = PBXFileReference; lastKnownFileType = sourcecode.c.objc; name = AFJSONRequestOperation.m; path = Vendor/AFNetworking/AFNetworking/AFJSONRequestOperation.m; sourceTree = SOURCE_ROOT; };
		49048D4B15881EC8009BAFC3 /* AFNetworkActivityIndicatorManager.m */ = {isa = PBXFileReference; lastKnownFileType = sourcecode.c.objc; name = AFNetworkActivityIndicatorManager.m; path = Vendor/AFNetworking/AFNetworking/AFNetworkActivityIndicatorManager.m; sourceTree = SOURCE_ROOT; };
		49048D4C15881EC8009BAFC3 /* AFPropertyListRequestOperation.m */ = {isa = PBXFileReference; lastKnownFileType = sourcecode.c.objc; name = AFPropertyListRequestOperation.m; path = Vendor/AFNetworking/AFNetworking/AFPropertyListRequestOperation.m; sourceTree = SOURCE_ROOT; };
		49048D4D15881EC8009BAFC3 /* AFURLConnectionOperation.m */ = {isa = PBXFileReference; lastKnownFileType = sourcecode.c.objc; name = AFURLConnectionOperation.m; path = Vendor/AFNetworking/AFNetworking/AFURLConnectionOperation.m; sourceTree = SOURCE_ROOT; };
		49048D4E15881EC8009BAFC3 /* AFXMLRequestOperation.m */ = {isa = PBXFileReference; lastKnownFileType = sourcecode.c.objc; name = AFXMLRequestOperation.m; path = Vendor/AFNetworking/AFNetworking/AFXMLRequestOperation.m; sourceTree = SOURCE_ROOT; };
		49048D4F15881EC8009BAFC3 /* UIImageView+AFNetworking.m */ = {isa = PBXFileReference; lastKnownFileType = sourcecode.c.objc; name = "UIImageView+AFNetworking.m"; path = "Vendor/AFNetworking/AFNetworking/UIImageView+AFNetworking.m"; sourceTree = SOURCE_ROOT; };
		49048D5015881EC8009BAFC3 /* AFHTTPClient.h */ = {isa = PBXFileReference; lastKnownFileType = sourcecode.c.h; name = AFHTTPClient.h; path = Vendor/AFNetworking/AFNetworking/AFHTTPClient.h; sourceTree = SOURCE_ROOT; };
		49048D5115881EC8009BAFC3 /* AFHTTPRequestOperation.h */ = {isa = PBXFileReference; lastKnownFileType = sourcecode.c.h; name = AFHTTPRequestOperation.h; path = Vendor/AFNetworking/AFNetworking/AFHTTPRequestOperation.h; sourceTree = SOURCE_ROOT; };
		49048D5215881EC8009BAFC3 /* AFImageCache.h */ = {isa = PBXFileReference; lastKnownFileType = sourcecode.c.h; name = AFImageCache.h; path = Vendor/AFNetworking/AFNetworking/AFImageCache.h; sourceTree = SOURCE_ROOT; };
		49048D5315881EC8009BAFC3 /* AFImageRequestOperation.h */ = {isa = PBXFileReference; lastKnownFileType = sourcecode.c.h; name = AFImageRequestOperation.h; path = Vendor/AFNetworking/AFNetworking/AFImageRequestOperation.h; sourceTree = SOURCE_ROOT; };
		49048D5415881EC8009BAFC3 /* AFJSONRequestOperation.h */ = {isa = PBXFileReference; lastKnownFileType = sourcecode.c.h; name = AFJSONRequestOperation.h; path = Vendor/AFNetworking/AFNetworking/AFJSONRequestOperation.h; sourceTree = SOURCE_ROOT; };
		49048D5515881EC8009BAFC3 /* AFJSONUtilities.h */ = {isa = PBXFileReference; lastKnownFileType = sourcecode.c.h; name = AFJSONUtilities.h; path = Vendor/AFNetworking/AFNetworking/AFJSONUtilities.h; sourceTree = SOURCE_ROOT; };
		49048D5615881EC8009BAFC3 /* AFNetworkActivityIndicatorManager.h */ = {isa = PBXFileReference; lastKnownFileType = sourcecode.c.h; name = AFNetworkActivityIndicatorManager.h; path = Vendor/AFNetworking/AFNetworking/AFNetworkActivityIndicatorManager.h; sourceTree = SOURCE_ROOT; };
		49048D5715881EC8009BAFC3 /* AFNetworking.h */ = {isa = PBXFileReference; lastKnownFileType = sourcecode.c.h; name = AFNetworking.h; path = Vendor/AFNetworking/AFNetworking/AFNetworking.h; sourceTree = SOURCE_ROOT; };
		49048D5815881EC8009BAFC3 /* AFPropertyListRequestOperation.h */ = {isa = PBXFileReference; lastKnownFileType = sourcecode.c.h; name = AFPropertyListRequestOperation.h; path = Vendor/AFNetworking/AFNetworking/AFPropertyListRequestOperation.h; sourceTree = SOURCE_ROOT; };
		49048D5915881EC8009BAFC3 /* AFURLConnectionOperation.h */ = {isa = PBXFileReference; lastKnownFileType = sourcecode.c.h; name = AFURLConnectionOperation.h; path = Vendor/AFNetworking/AFNetworking/AFURLConnectionOperation.h; sourceTree = SOURCE_ROOT; };
		49048D5A15881EC8009BAFC3 /* AFXMLRequestOperation.h */ = {isa = PBXFileReference; lastKnownFileType = sourcecode.c.h; name = AFXMLRequestOperation.h; path = Vendor/AFNetworking/AFNetworking/AFXMLRequestOperation.h; sourceTree = SOURCE_ROOT; };
		49048D5B15881EC8009BAFC3 /* UIImageView+AFNetworking.h */ = {isa = PBXFileReference; lastKnownFileType = sourcecode.c.h; name = "UIImageView+AFNetworking.h"; path = "Vendor/AFNetworking/AFNetworking/UIImageView+AFNetworking.h"; sourceTree = SOURCE_ROOT; };
		49048D69158820F8009BAFC3 /* GMAppDelegate.m */ = {isa = PBXFileReference; lastKnownFileType = sourcecode.c.objc; name = GMAppDelegate.m; path = Classes/GMAppDelegate.m; sourceTree = "<group>"; };
		49048D6A158820F8009BAFC3 /* GMAppDelegate.h */ = {isa = PBXFileReference; lastKnownFileType = sourcecode.c.h; name = GMAppDelegate.h; path = Classes/GMAppDelegate.h; sourceTree = "<group>"; };
		49048D6B15882107009BAFC3 /* GMSplashViewController.m */ = {isa = PBXFileReference; lastKnownFileType = sourcecode.c.objc; name = GMSplashViewController.m; path = Classes/GMSplashViewController.m; sourceTree = "<group>"; };
		49048D6C15882107009BAFC3 /* GMSplashViewController.h */ = {isa = PBXFileReference; lastKnownFileType = sourcecode.c.h; name = GMSplashViewController.h; path = Classes/GMSplashViewController.h; sourceTree = "<group>"; };
		49048D6D15882112009BAFC3 /* SCImageCollectionViewItem.m */ = {isa = PBXFileReference; lastKnownFileType = sourcecode.c.objc; name = SCImageCollectionViewItem.m; path = Classes/SCImageCollectionViewItem.m; sourceTree = "<group>"; };
		49048D6E15882112009BAFC3 /* SCImageCollectionViewItem.h */ = {isa = PBXFileReference; lastKnownFileType = sourcecode.c.h; name = SCImageCollectionViewItem.h; path = Classes/SCImageCollectionViewItem.h; sourceTree = "<group>"; };
		49048D6F15882130009BAFC3 /* Grubm-Info.plist */ = {isa = PBXFileReference; fileEncoding = 4; lastKnownFileType = text.plist.xml; name = "Grubm-Info.plist"; path = "Resources/Grubm-Info.plist"; sourceTree = SOURCE_ROOT; };
		49048D7115882144009BAFC3 /* main.m */ = {isa = PBXFileReference; fileEncoding = 4; lastKnownFileType = sourcecode.c.objc; name = main.m; path = "Other Sources/main.m"; sourceTree = "<group>"; };
		49048D731588214A009BAFC3 /* Grubm-Prefix.pch */ = {isa = PBXFileReference; lastKnownFileType = sourcecode.c.h; name = "Grubm-Prefix.pch"; path = "Other Sources/Grubm-Prefix.pch"; sourceTree = "<group>"; };
		495374501589253500356E1D /* SplashImages.plist */ = {isa = PBXFileReference; fileEncoding = 4; lastKnownFileType = text.plist.xml; name = SplashImages.plist; path = Resources/SplashImages.plist; sourceTree = SOURCE_ROOT; };
		4953745315894F7F00356E1D /* GMSplashImagesStore.h */ = {isa = PBXFileReference; fileEncoding = 4; lastKnownFileType = sourcecode.c.h; name = GMSplashImagesStore.h; path = Classes/GMSplashImagesStore.h; sourceTree = "<group>"; };
		4953745415894F7F00356E1D /* GMSplashImagesStore.m */ = {isa = PBXFileReference; fileEncoding = 4; lastKnownFileType = sourcecode.c.objc; name = GMSplashImagesStore.m; path = Classes/GMSplashImagesStore.m; sourceTree = "<group>"; };
		495374661589721000356E1D /* logo.png */ = {isa = PBXFileReference; lastKnownFileType = image.png; path = logo.png; sourceTree = "<group>"; };
		495374681589726200356E1D /* logo@2x.png */ = {isa = PBXFileReference; lastKnownFileType = image.png; path = "logo@2x.png"; sourceTree = "<group>"; };
		49537478158A7ADD00356E1D /* icon-72.png */ = {isa = PBXFileReference; lastKnownFileType = image.png; path = "icon-72.png"; sourceTree = "<group>"; };
		4953747A158A7AED00356E1D /* icon.png */ = {isa = PBXFileReference; lastKnownFileType = image.png; path = icon.png; sourceTree = "<group>"; };
		4953747B158A7AED00356E1D /* icon@2x.png */ = {isa = PBXFileReference; lastKnownFileType = image.png; path = "icon@2x.png"; sourceTree = "<group>"; };
		49537482158A7D4300356E1D /* navbarBackground.png */ = {isa = PBXFileReference; lastKnownFileType = image.png; path = navbarBackground.png; sourceTree = "<group>"; };
		49537483158A7D4300356E1D /* navbarBackground@2x.png */ = {isa = PBXFileReference; lastKnownFileType = image.png; path = "navbarBackground@2x.png"; sourceTree = "<group>"; };
		4953748A158A7F9700356E1D /* navToolbarBackground.png */ = {isa = PBXFileReference; lastKnownFileType = image.png; path = navToolbarBackground.png; sourceTree = "<group>"; };
		4953748B158A7F9700356E1D /* navToolbarBackground@2x.png */ = {isa = PBXFileReference; lastKnownFileType = image.png; path = "navToolbarBackground@2x.png"; sourceTree = "<group>"; };
		49537578158BD89100356E1D /* IBAForms.xcodeproj */ = {isa = PBXFileReference; lastKnownFileType = "wrapper.pb-project"; name = IBAForms.xcodeproj; path = Vendor/IBAForms/library/IBAForms.xcodeproj; sourceTree = SOURCE_ROOT; };
		496DDAB8158BEC000077E402 /* GMSplashNavigationController.m */ = {isa = PBXFileReference; lastKnownFileType = sourcecode.c.objc; name = GMSplashNavigationController.m; path = Classes/GMSplashNavigationController.m; sourceTree = "<group>"; };
		496DDABA158BEC000077E402 /* GMSplashNavigationController.h */ = {isa = PBXFileReference; lastKnownFileType = sourcecode.c.h; name = GMSplashNavigationController.h; path = Classes/GMSplashNavigationController.h; sourceTree = "<group>"; };
		496DDACA158C02FD0077E402 /* navigationBarBackButton.png */ = {isa = PBXFileReference; lastKnownFileType = image.png; path = navigationBarBackButton.png; sourceTree = "<group>"; };
		496DDACE158C03120077E402 /* navigationBarBackButton@2x.png */ = {isa = PBXFileReference; lastKnownFileType = image.png; path = "navigationBarBackButton@2x.png"; sourceTree = "<group>"; };
		496DDB2615900EA30077E402 /* GMRegistrationViewController.m */ = {isa = PBXFileReference; lastKnownFileType = sourcecode.c.objc; name = GMRegistrationViewController.m; path = Classes/GMRegistrationViewController.m; sourceTree = "<group>"; };
		496DDB2715900EA30077E402 /* GMRegistrationViewController.h */ = {isa = PBXFileReference; lastKnownFileType = sourcecode.c.h; name = GMRegistrationViewController.h; path = Classes/GMRegistrationViewController.h; sourceTree = "<group>"; };
		496DDB2A15900EFA0077E402 /* GMRegistrationViewController.xib */ = {isa = PBXFileReference; fileEncoding = 4; lastKnownFileType = file.xib; path = GMRegistrationViewController.xib; sourceTree = "<group>"; };
		496DDB3D159112640077E402 /* GMGrubmAPIClient.h */ = {isa = PBXFileReference; fileEncoding = 4; lastKnownFileType = sourcecode.c.h; name = GMGrubmAPIClient.h; path = Classes/GMGrubmAPIClient.h; sourceTree = "<group>"; };
		496DDB3E159112640077E402 /* GMGrubmAPIClient.m */ = {isa = PBXFileReference; fileEncoding = 4; lastKnownFileType = sourcecode.c.objc; name = GMGrubmAPIClient.m; path = Classes/GMGrubmAPIClient.m; sourceTree = "<group>"; };
		496DDB53159224670077E402 /* GMSuggestedFoodTagsViewController.h */ = {isa = PBXFileReference; fileEncoding = 4; lastKnownFileType = sourcecode.c.h; name = GMSuggestedFoodTagsViewController.h; path = Classes/GMSuggestedFoodTagsViewController.h; sourceTree = "<group>"; };
		496DDB54159224670077E402 /* GMSuggestedFoodTagsViewController.m */ = {isa = PBXFileReference; fileEncoding = 4; lastKnownFileType = sourcecode.c.objc; name = GMSuggestedFoodTagsViewController.m; path = Classes/GMSuggestedFoodTagsViewController.m; sourceTree = "<group>"; };
		496DDB5615922AA90077E402 /* SuggestedFoodTags.plist */ = {isa = PBXFileReference; fileEncoding = 4; lastKnownFileType = text.plist.xml; name = SuggestedFoodTags.plist; path = Resources/SuggestedFoodTags.plist; sourceTree = SOURCE_ROOT; };
		496DDB58159230C60077E402 /* GMSuggestedFoodHeaderView.h */ = {isa = PBXFileReference; fileEncoding = 4; lastKnownFileType = sourcecode.c.h; name = GMSuggestedFoodHeaderView.h; path = Classes/GMSuggestedFoodHeaderView.h; sourceTree = "<group>"; };
		496DDB59159230C60077E402 /* GMSuggestedFoodHeaderView.m */ = {isa = PBXFileReference; fileEncoding = 4; lastKnownFileType = sourcecode.c.objc; name = GMSuggestedFoodHeaderView.m; path = Classes/GMSuggestedFoodHeaderView.m; sourceTree = "<group>"; };
		496DDB5B1592356B0077E402 /* GMSuggestedFoodsStore.h */ = {isa = PBXFileReference; fileEncoding = 4; lastKnownFileType = sourcecode.c.h; name = GMSuggestedFoodsStore.h; path = Classes/GMSuggestedFoodsStore.h; sourceTree = "<group>"; };
		496DDB5C1592356B0077E402 /* GMSuggestedFoodsStore.m */ = {isa = PBXFileReference; fileEncoding = 4; lastKnownFileType = sourcecode.c.objc; name = GMSuggestedFoodsStore.m; path = Classes/GMSuggestedFoodsStore.m; sourceTree = "<group>"; };
		496DDB61159244090077E402 /* GMFindFriendsViewController.m */ = {isa = PBXFileReference; fileEncoding = 4; lastKnownFileType = sourcecode.c.objc; name = GMFindFriendsViewController.m; path = Classes/GMFindFriendsViewController.m; sourceTree = "<group>"; };
		496DDB62159244090077E402 /* GMFindFriendsViewController.h */ = {isa = PBXFileReference; fileEncoding = 4; lastKnownFileType = sourcecode.c.h; name = GMFindFriendsViewController.h; path = Classes/GMFindFriendsViewController.h; sourceTree = "<group>"; };
		496DDB6C15925ED80077E402 /* UITableView+ReloadWithAnimation.h */ = {isa = PBXFileReference; fileEncoding = 4; lastKnownFileType = sourcecode.c.h; name = "UITableView+ReloadWithAnimation.h"; path = "Classes/UITableView+ReloadWithAnimation.h"; sourceTree = "<group>"; };
		496DDB6D15925ED80077E402 /* UITableView+ReloadWithAnimation.m */ = {isa = PBXFileReference; fileEncoding = 4; lastKnownFileType = sourcecode.c.objc; name = "UITableView+ReloadWithAnimation.m"; path = "Classes/UITableView+ReloadWithAnimation.m"; sourceTree = "<group>"; };
		496DDB75159B99630077E402 /* libfacebook_ios_sdk.a */ = {isa = PBXFileReference; lastKnownFileType = archive.ar; path = libfacebook_ios_sdk.a; sourceTree = "<group>"; };
		496DDB76159B99630077E402 /* Facebook.h */ = {isa = PBXFileReference; fileEncoding = 4; lastKnownFileType = sourcecode.c.h; path = Facebook.h; sourceTree = "<group>"; };
		496DDB77159B99630077E402 /* FBConnect.h */ = {isa = PBXFileReference; fileEncoding = 4; lastKnownFileType = sourcecode.c.h; path = FBConnect.h; sourceTree = "<group>"; };
		496DDB78159B99630077E402 /* FBDialog.h */ = {isa = PBXFileReference; fileEncoding = 4; lastKnownFileType = sourcecode.c.h; path = FBDialog.h; sourceTree = "<group>"; };
		496DDB79159B99630077E402 /* FBFrictionlessRequestSettings.h */ = {isa = PBXFileReference; fileEncoding = 4; lastKnownFileType = sourcecode.c.h; path = FBFrictionlessRequestSettings.h; sourceTree = "<group>"; };
		496DDB7A159B99630077E402 /* FBLoginDialog.h */ = {isa = PBXFileReference; fileEncoding = 4; lastKnownFileType = sourcecode.c.h; path = FBLoginDialog.h; sourceTree = "<group>"; };
		496DDB7B159B99630077E402 /* FBRequest.h */ = {isa = PBXFileReference; fileEncoding = 4; lastKnownFileType = sourcecode.c.h; path = FBRequest.h; sourceTree = "<group>"; };
		496DDB7C159B99630077E402 /* JSON.h */ = {isa = PBXFileReference; fileEncoding = 4; lastKnownFileType = sourcecode.c.h; path = JSON.h; sourceTree = "<group>"; };
		496DDB7D159B99630077E402 /* NSObject+SBJSON.h */ = {isa = PBXFileReference; fileEncoding = 4; lastKnownFileType = sourcecode.c.h; path = "NSObject+SBJSON.h"; sourceTree = "<group>"; };
		496DDB7E159B99630077E402 /* NSString+SBJSON.h */ = {isa = PBXFileReference; fileEncoding = 4; lastKnownFileType = sourcecode.c.h; path = "NSString+SBJSON.h"; sourceTree = "<group>"; };
		496DDB7F159B99630077E402 /* SBJSON.h */ = {isa = PBXFileReference; fileEncoding = 4; lastKnownFileType = sourcecode.c.h; path = SBJSON.h; sourceTree = "<group>"; };
		496DDB80159B99630077E402 /* SBJsonBase.h */ = {isa = PBXFileReference; fileEncoding = 4; lastKnownFileType = sourcecode.c.h; path = SBJsonBase.h; sourceTree = "<group>"; };
		496DDB81159B99630077E402 /* SBJsonParser.h */ = {isa = PBXFileReference; fileEncoding = 4; lastKnownFileType = sourcecode.c.h; path = SBJsonParser.h; sourceTree = "<group>"; };
		496DDB82159B99630077E402 /* SBJsonWriter.h */ = {isa = PBXFileReference; fileEncoding = 4; lastKnownFileType = sourcecode.c.h; path = SBJsonWriter.h; sourceTree = "<group>"; };
		496DDB83159B99630077E402 /* FBDialog.bundle */ = {isa = PBXFileReference; lastKnownFileType = "wrapper.plug-in"; path = FBDialog.bundle; sourceTree = "<group>"; };
		496DDB8D159BC14F0077E402 /* GMBaseFacebookViewController.h */ = {isa = PBXFileReference; fileEncoding = 4; lastKnownFileType = sourcecode.c.h; name = GMBaseFacebookViewController.h; path = Classes/GMBaseFacebookViewController.h; sourceTree = "<group>"; };
		496DDB8E159BC14F0077E402 /* GMBaseFacebookViewController.m */ = {isa = PBXFileReference; fileEncoding = 4; lastKnownFileType = sourcecode.c.objc; name = GMBaseFacebookViewController.m; path = Classes/GMBaseFacebookViewController.m; sourceTree = "<group>"; };
		496DDB90159BC1D60077E402 /* GMFindFacebookFriendsViewController.h */ = {isa = PBXFileReference; fileEncoding = 4; lastKnownFileType = sourcecode.c.h; name = GMFindFacebookFriendsViewController.h; path = Classes/GMFindFacebookFriendsViewController.h; sourceTree = "<group>"; };
		496DDB91159BC1D70077E402 /* GMFindFacebookFriendsViewController.m */ = {isa = PBXFileReference; fileEncoding = 4; lastKnownFileType = sourcecode.c.objc; name = GMFindFacebookFriendsViewController.m; path = Classes/GMFindFacebookFriendsViewController.m; sourceTree = "<group>"; };
		49AB76A8159D242400E7E326 /* blueButton.png */ = {isa = PBXFileReference; lastKnownFileType = image.png; path = blueButton.png; sourceTree = "<group>"; };
		49AB76AF159D30BE00E7E326 /* greenButton.png */ = {isa = PBXFileReference; lastKnownFileType = image.png; path = greenButton.png; sourceTree = "<group>"; };
		49AB76BB159E707900E7E326 /* GMProfilesViewController.m */ = {isa = PBXFileReference; fileEncoding = 4; lastKnownFileType = sourcecode.c.objc; name = GMProfilesViewController.m; path = Classes/GMProfilesViewController.m; sourceTree = "<group>"; };
		49AB76BC159E707900E7E326 /* GMProfilesViewController.h */ = {isa = PBXFileReference; fileEncoding = 4; lastKnownFileType = sourcecode.c.h; name = GMProfilesViewController.h; path = Classes/GMProfilesViewController.h; sourceTree = "<group>"; };
		49AB76BE159E708400E7E326 /* GMFollowButtonView.m */ = {isa = PBXFileReference; fileEncoding = 4; lastKnownFileType = sourcecode.c.objc; name = GMFollowButtonView.m; path = Classes/GMFollowButtonView.m; sourceTree = "<group>"; };
		49AB76BF159E708400E7E326 /* GMFollowButtonView.h */ = {isa = PBXFileReference; fileEncoding = 4; lastKnownFileType = sourcecode.c.h; name = GMFollowButtonView.h; path = Classes/GMFollowButtonView.h; sourceTree = "<group>"; };
		49CC9A4C159CD9EB00CC66EA /* MBProgressHUD.h */ = {isa = PBXFileReference; fileEncoding = 4; lastKnownFileType = sourcecode.c.h; path = MBProgressHUD.h; sourceTree = "<group>"; };
		49CC9A4D159CD9EB00CC66EA /* MBProgressHUD.m */ = {isa = PBXFileReference; fileEncoding = 4; lastKnownFileType = sourcecode.c.objc; path = MBProgressHUD.m; sourceTree = "<group>"; };
/* End PBXFileReference section */

/* Begin PBXFrameworksBuildPhase section */
		49048C3D1587E9B2009BAFC3 /* Frameworks */ = {
			isa = PBXFrameworksBuildPhase;
			buildActionMask = 2147483647;
			files = (
				49048D6615881F95009BAFC3 /* libSSToolkit.a in Frameworks */,
				49048C7D1587EBC2009BAFC3 /* QuartzCore.framework in Frameworks */,
				49048C451587E9B2009BAFC3 /* UIKit.framework in Frameworks */,
				49048C471587E9B2009BAFC3 /* Foundation.framework in Frameworks */,
				49048C491587E9B2009BAFC3 /* CoreGraphics.framework in Frameworks */,
				496DDB84159B99630077E402 /* libfacebook_ios_sdk.a in Frameworks */,
			);
			runOnlyForDeploymentPostprocessing = 0;
		};
/* End PBXFrameworksBuildPhase section */

/* Begin PBXGroup section */
		49048C351587E9B2009BAFC3 = {
			isa = PBXGroup;
			children = (
				496DDB6815925DD00077E402 /* Categories */,
				496DDB3C159112250077E402 /* Models */,
				496DDB3B159111170077E402 /* Networking Extensions */,
				4953745215894F5600356E1D /* Stores */,
				49048D2F15881E5C009BAFC3 /* Views */,
				49048D2E15881E47009BAFC3 /* Other Sources */,
				49048D2D15881E31009BAFC3 /* View Controllers */,
				49048C4B1587E9B2009BAFC3 /* Supporting Files */,
				49048C611587EA68009BAFC3 /* Resources */,
				49048CAF1587F2F0009BAFC3 /* Vendor */,
				49048C431587E9B2009BAFC3 /* Frameworks */,
				49048C411587E9B2009BAFC3 /* Products */,
			);
			sourceTree = "<group>";
		};
		49048C411587E9B2009BAFC3 /* Products */ = {
			isa = PBXGroup;
			children = (
				49048C401587E9B2009BAFC3 /* Grubm.app */,
			);
			name = Products;
			sourceTree = "<group>";
		};
		49048C431587E9B2009BAFC3 /* Frameworks */ = {
			isa = PBXGroup;
			children = (
				49048C7C1587EBC2009BAFC3 /* QuartzCore.framework */,
				49048C441587E9B2009BAFC3 /* UIKit.framework */,
				49048C461587E9B2009BAFC3 /* Foundation.framework */,
				49048C481587E9B2009BAFC3 /* CoreGraphics.framework */,
			);
			name = Frameworks;
			sourceTree = "<group>";
		};
		49048C4B1587E9B2009BAFC3 /* Supporting Files */ = {
			isa = PBXGroup;
			children = (
				49048D2915881DAE009BAFC3 /* InfoPlist.strings */,
			);
			name = "Supporting Files";
			path = Grubm;
			sourceTree = "<group>";
		};
		49048C611587EA68009BAFC3 /* Resources */ = {
			isa = PBXGroup;
			children = (
				496DDB2915900EFA0077E402 /* Nib */,
				495374651589721000356E1D /* Images */,
				49048D6F15882130009BAFC3 /* Grubm-Info.plist */,
				495374501589253500356E1D /* SplashImages.plist */,
				496DDB5615922AA90077E402 /* SuggestedFoodTags.plist */,
			);
			name = Resources;
			path = Grubm;
			sourceTree = "<group>";
		};
		49048CAF1587F2F0009BAFC3 /* Vendor */ = {
			isa = PBXGroup;
			children = (
				49CC9A32159CD9EB00CC66EA /* MBProgressHUD */,
				496DDB74159B994B0077E402 /* Facebook */,
				49537577158BD88600356E1D /* IBAForms */,
				49048CCD1588015D009BAFC3 /* AFNetworking */,
				49048CB01587F2F5009BAFC3 /* SSToolkit */,
			);
			name = Vendor;
			path = Grubm;
			sourceTree = "<group>";
		};
		49048CB01587F2F5009BAFC3 /* SSToolkit */ = {
			isa = PBXGroup;
			children = (
				49048CB11587F307009BAFC3 /* SSToolkit.xcodeproj */,
			);
			name = SSToolkit;
			sourceTree = "<group>";
		};
		49048CB21587F307009BAFC3 /* Products */ = {
			isa = PBXGroup;
			children = (
				49048CBC1587F307009BAFC3 /* libSSToolkit.a */,
				49048CBE1587F307009BAFC3 /* SSToolkitTests.app */,
				49048CC01587F307009BAFC3 /* SSToolkitResources.bundle */,
			);
			name = Products;
			sourceTree = "<group>";
		};
		49048CCD1588015D009BAFC3 /* AFNetworking */ = {
			isa = PBXGroup;
			children = (
				49048CCE1588016E009BAFC3 /* AFNetworking */,
			);
			name = AFNetworking;
			sourceTree = "<group>";
		};
		49048CCE1588016E009BAFC3 /* AFNetworking */ = {
			isa = PBXGroup;
			children = (
				49048D4615881EC8009BAFC3 /* AFHTTPClient.m */,
				49048D4715881EC8009BAFC3 /* AFHTTPRequestOperation.m */,
				49048D4815881EC8009BAFC3 /* AFImageCache.m */,
				49048D4915881EC8009BAFC3 /* AFImageRequestOperation.m */,
				49048D4A15881EC8009BAFC3 /* AFJSONRequestOperation.m */,
				49048D4B15881EC8009BAFC3 /* AFNetworkActivityIndicatorManager.m */,
				49048D4C15881EC8009BAFC3 /* AFPropertyListRequestOperation.m */,
				49048D4D15881EC8009BAFC3 /* AFURLConnectionOperation.m */,
				49048D4E15881EC8009BAFC3 /* AFXMLRequestOperation.m */,
				49048D4F15881EC8009BAFC3 /* UIImageView+AFNetworking.m */,
				49048D5015881EC8009BAFC3 /* AFHTTPClient.h */,
				49048D5115881EC8009BAFC3 /* AFHTTPRequestOperation.h */,
				49048D5215881EC8009BAFC3 /* AFImageCache.h */,
				49048D5315881EC8009BAFC3 /* AFImageRequestOperation.h */,
				49048D5415881EC8009BAFC3 /* AFJSONRequestOperation.h */,
				49048D5515881EC8009BAFC3 /* AFJSONUtilities.h */,
				49048D5615881EC8009BAFC3 /* AFNetworkActivityIndicatorManager.h */,
				49048D5715881EC8009BAFC3 /* AFNetworking.h */,
				49048D5815881EC8009BAFC3 /* AFPropertyListRequestOperation.h */,
				49048D5915881EC8009BAFC3 /* AFURLConnectionOperation.h */,
				49048D5A15881EC8009BAFC3 /* AFXMLRequestOperation.h */,
				49048D5B15881EC8009BAFC3 /* UIImageView+AFNetworking.h */,
			);
			path = AFNetworking;
			sourceTree = "<group>";
		};
		49048D2D15881E31009BAFC3 /* View Controllers */ = {
			isa = PBXGroup;
			children = (
				49AB76BB159E707900E7E326 /* GMProfilesViewController.m */,
				49AB76BC159E707900E7E326 /* GMProfilesViewController.h */,
				496DDB61159244090077E402 /* GMFindFriendsViewController.m */,
				496DDB62159244090077E402 /* GMFindFriendsViewController.h */,
				496DDB2615900EA30077E402 /* GMRegistrationViewController.m */,
				496DDB53159224670077E402 /* GMSuggestedFoodTagsViewController.h */,
				496DDB54159224670077E402 /* GMSuggestedFoodTagsViewController.m */,
				496DDB2715900EA30077E402 /* GMRegistrationViewController.h */,
				496DDAB8158BEC000077E402 /* GMSplashNavigationController.m */,
				496DDABA158BEC000077E402 /* GMSplashNavigationController.h */,
				49048D6B15882107009BAFC3 /* GMSplashViewController.m */,
				49048D6C15882107009BAFC3 /* GMSplashViewController.h */,
				496DDB8D159BC14F0077E402 /* GMBaseFacebookViewController.h */,
				496DDB8E159BC14F0077E402 /* GMBaseFacebookViewController.m */,
				496DDB90159BC1D60077E402 /* GMFindFacebookFriendsViewController.h */,
				496DDB91159BC1D70077E402 /* GMFindFacebookFriendsViewController.m */,
			);
			name = "View Controllers";
			sourceTree = "<group>";
		};
		49048D2E15881E47009BAFC3 /* Other Sources */ = {
			isa = PBXGroup;
			children = (
				49048D7115882144009BAFC3 /* main.m */,
				49048D69158820F8009BAFC3 /* GMAppDelegate.m */,
				49048D731588214A009BAFC3 /* Grubm-Prefix.pch */,
				49048D6A158820F8009BAFC3 /* GMAppDelegate.h */,
			);
			name = "Other Sources";
			sourceTree = "<group>";
		};
		49048D2F15881E5C009BAFC3 /* Views */ = {
			isa = PBXGroup;
			children = (
				49AB76BE159E708400E7E326 /* GMFollowButtonView.m */,
				49AB76BF159E708400E7E326 /* GMFollowButtonView.h */,
				49048D6D15882112009BAFC3 /* SCImageCollectionViewItem.m */,
				49048D6E15882112009BAFC3 /* SCImageCollectionViewItem.h */,
				496DDB58159230C60077E402 /* GMSuggestedFoodHeaderView.h */,
				496DDB59159230C60077E402 /* GMSuggestedFoodHeaderView.m */,
			);
			name = Views;
			sourceTree = "<group>";
		};
		4953745215894F5600356E1D /* Stores */ = {
			isa = PBXGroup;
			children = (
				4953745315894F7F00356E1D /* GMSplashImagesStore.h */,
				4953745415894F7F00356E1D /* GMSplashImagesStore.m */,
				496DDB5B1592356B0077E402 /* GMSuggestedFoodsStore.h */,
				496DDB5C1592356B0077E402 /* GMSuggestedFoodsStore.m */,
			);
			name = Stores;
			sourceTree = "<group>";
		};
		495374651589721000356E1D /* Images */ = {
			isa = PBXGroup;
			children = (
				49AB76AF159D30BE00E7E326 /* greenButton.png */,
				49AB76A8159D242400E7E326 /* blueButton.png */,
				496DDACE158C03120077E402 /* navigationBarBackButton@2x.png */,
				496DDACA158C02FD0077E402 /* navigationBarBackButton.png */,
				4953748A158A7F9700356E1D /* navToolbarBackground.png */,
				4953748B158A7F9700356E1D /* navToolbarBackground@2x.png */,
				49537482158A7D4300356E1D /* navbarBackground.png */,
				49537483158A7D4300356E1D /* navbarBackground@2x.png */,
				4953747A158A7AED00356E1D /* icon.png */,
				4953747B158A7AED00356E1D /* icon@2x.png */,
				49537478158A7ADD00356E1D /* icon-72.png */,
				495374681589726200356E1D /* logo@2x.png */,
				495374661589721000356E1D /* logo.png */,
			);
			name = Images;
			path = Resources/Images;
			sourceTree = SOURCE_ROOT;
		};
		49537577158BD88600356E1D /* IBAForms */ = {
			isa = PBXGroup;
			children = (
				49537578158BD89100356E1D /* IBAForms.xcodeproj */,
			);
			name = IBAForms;
			sourceTree = "<group>";
		};
		49537579158BD89100356E1D /* Products */ = {
			isa = PBXGroup;
			children = (
				49537580158BD89100356E1D /* libIBAForms.a */,
			);
			name = Products;
			sourceTree = "<group>";
		};
		496DDB2915900EFA0077E402 /* Nib */ = {
			isa = PBXGroup;
			children = (
				496DDB2A15900EFA0077E402 /* GMRegistrationViewController.xib */,
			);
			name = Nib;
			path = Resources/Nib;
			sourceTree = SOURCE_ROOT;
		};
		496DDB3B159111170077E402 /* Networking Extensions */ = {
			isa = PBXGroup;
			children = (
				496DDB3D159112640077E402 /* GMGrubmAPIClient.h */,
				496DDB3E159112640077E402 /* GMGrubmAPIClient.m */,
			);
			name = "Networking Extensions";
			sourceTree = "<group>";
		};
		496DDB3C159112250077E402 /* Models */ = {
			isa = PBXGroup;
			children = (
			);
			name = Models;
			sourceTree = "<group>";
		};
		496DDB6815925DD00077E402 /* Categories */ = {
			isa = PBXGroup;
			children = (
				496DDB6C15925ED80077E402 /* UITableView+ReloadWithAnimation.h */,
				496DDB6D15925ED80077E402 /* UITableView+ReloadWithAnimation.m */,
			);
			name = Categories;
			sourceTree = "<group>";
		};
		496DDB74159B994B0077E402 /* Facebook */ = {
			isa = PBXGroup;
			children = (
				496DDB75159B99630077E402 /* libfacebook_ios_sdk.a */,
				496DDB76159B99630077E402 /* Facebook.h */,
				496DDB77159B99630077E402 /* FBConnect.h */,
				496DDB78159B99630077E402 /* FBDialog.h */,
				496DDB79159B99630077E402 /* FBFrictionlessRequestSettings.h */,
				496DDB7A159B99630077E402 /* FBLoginDialog.h */,
				496DDB7B159B99630077E402 /* FBRequest.h */,
				496DDB7C159B99630077E402 /* JSON.h */,
				496DDB7D159B99630077E402 /* NSObject+SBJSON.h */,
				496DDB7E159B99630077E402 /* NSString+SBJSON.h */,
				496DDB7F159B99630077E402 /* SBJSON.h */,
				496DDB80159B99630077E402 /* SBJsonBase.h */,
				496DDB81159B99630077E402 /* SBJsonParser.h */,
				496DDB82159B99630077E402 /* SBJsonWriter.h */,
				496DDB83159B99630077E402 /* FBDialog.bundle */,
			);
			name = Facebook;
			path = Vendor/Facebook;
			sourceTree = SOURCE_ROOT;
		};
		49CC9A32159CD9EB00CC66EA /* MBProgressHUD */ = {
			isa = PBXGroup;
			children = (
				49CC9A4C159CD9EB00CC66EA /* MBProgressHUD.h */,
				49CC9A4D159CD9EB00CC66EA /* MBProgressHUD.m */,
			);
			name = MBProgressHUD;
			path = Vendor/MBProgressHUD;
			sourceTree = SOURCE_ROOT;
		};
/* End PBXGroup section */

/* Begin PBXNativeTarget section */
		49048C3F1587E9B2009BAFC3 /* Grubm */ = {
			isa = PBXNativeTarget;
			buildConfigurationList = 49048C581587E9B3009BAFC3 /* Build configuration list for PBXNativeTarget "Grubm" */;
			buildPhases = (
				49048C3C1587E9B2009BAFC3 /* Sources */,
				49048C3D1587E9B2009BAFC3 /* Frameworks */,
				49048C3E1587E9B2009BAFC3 /* Resources */,
			);
			buildRules = (
			);
			dependencies = (
				49048CC21587F313009BAFC3 /* PBXTargetDependency */,
				49048CC41587F313009BAFC3 /* PBXTargetDependency */,
			);
			name = Grubm;
			productName = Grubm;
			productReference = 49048C401587E9B2009BAFC3 /* Grubm.app */;
			productType = "com.apple.product-type.application";
		};
/* End PBXNativeTarget section */

/* Begin PBXProject section */
		49048C371587E9B2009BAFC3 /* Project object */ = {
			isa = PBXProject;
			attributes = {
				CLASSPREFIX = GM;
				LastUpgradeCheck = 0430;
				ORGANIZATIONNAME = "Dellerbie, Inc.";
			};
			buildConfigurationList = 49048C3A1587E9B2009BAFC3 /* Build configuration list for PBXProject "Grubm" */;
			compatibilityVersion = "Xcode 3.2";
			developmentRegion = English;
			hasScannedForEncodings = 0;
			knownRegions = (
				en,
			);
			mainGroup = 49048C351587E9B2009BAFC3;
			productRefGroup = 49048C411587E9B2009BAFC3 /* Products */;
			projectDirPath = "";
			projectReferences = (
				{
					ProductGroup = 49537579158BD89100356E1D /* Products */;
					ProjectRef = 49537578158BD89100356E1D /* IBAForms.xcodeproj */;
				},
				{
					ProductGroup = 49048CB21587F307009BAFC3 /* Products */;
					ProjectRef = 49048CB11587F307009BAFC3 /* SSToolkit.xcodeproj */;
				},
			);
			projectRoot = "";
			targets = (
				49048C3F1587E9B2009BAFC3 /* Grubm */,
			);
		};
/* End PBXProject section */

/* Begin PBXReferenceProxy section */
		49048CBC1587F307009BAFC3 /* libSSToolkit.a */ = {
			isa = PBXReferenceProxy;
			fileType = archive.ar;
			path = libSSToolkit.a;
			remoteRef = 49048CBB1587F307009BAFC3 /* PBXContainerItemProxy */;
			sourceTree = BUILT_PRODUCTS_DIR;
		};
		49048CBE1587F307009BAFC3 /* SSToolkitTests.app */ = {
			isa = PBXReferenceProxy;
			fileType = wrapper.application;
			path = SSToolkitTests.app;
			remoteRef = 49048CBD1587F307009BAFC3 /* PBXContainerItemProxy */;
			sourceTree = BUILT_PRODUCTS_DIR;
		};
		49048CC01587F307009BAFC3 /* SSToolkitResources.bundle */ = {
			isa = PBXReferenceProxy;
			fileType = wrapper.cfbundle;
			path = SSToolkitResources.bundle;
			remoteRef = 49048CBF1587F307009BAFC3 /* PBXContainerItemProxy */;
			sourceTree = BUILT_PRODUCTS_DIR;
		};
		49537580158BD89100356E1D /* libIBAForms.a */ = {
			isa = PBXReferenceProxy;
			fileType = archive.ar;
			path = libIBAForms.a;
			remoteRef = 4953757F158BD89100356E1D /* PBXContainerItemProxy */;
			sourceTree = BUILT_PRODUCTS_DIR;
		};
/* End PBXReferenceProxy section */

/* Begin PBXResourcesBuildPhase section */
		49048C3E1587E9B2009BAFC3 /* Resources */ = {
			isa = PBXResourcesBuildPhase;
			buildActionMask = 2147483647;
			files = (
				49048D6715881FC0009BAFC3 /* SSToolkitResources.bundle in Resources */,
				49048D2C15881E1F009BAFC3 /* InfoPlist.strings in Resources */,
				495374511589253500356E1D /* SplashImages.plist in Resources */,
				495374671589721000356E1D /* logo.png in Resources */,
				495374691589726200356E1D /* logo@2x.png in Resources */,
				49537479158A7ADD00356E1D /* icon-72.png in Resources */,
				4953747C158A7AED00356E1D /* icon.png in Resources */,
				4953747D158A7AED00356E1D /* icon@2x.png in Resources */,
				49537484158A7D4300356E1D /* navbarBackground.png in Resources */,
				49537485158A7D4300356E1D /* navbarBackground@2x.png in Resources */,
				4953748C158A7F9700356E1D /* navToolbarBackground.png in Resources */,
				4953748D158A7F9700356E1D /* navToolbarBackground@2x.png in Resources */,
				496DDACC158C02FD0077E402 /* navigationBarBackButton.png in Resources */,
				496DDACF158C03120077E402 /* navigationBarBackButton@2x.png in Resources */,
				496DDB2B15900EFA0077E402 /* GMRegistrationViewController.xib in Resources */,
				496DDB5715922AA90077E402 /* SuggestedFoodTags.plist in Resources */,
				496DDB85159B99630077E402 /* FBDialog.bundle in Resources */,
				49AB76A9159D242400E7E326 /* blueButton.png in Resources */,
				49AB76B0159D30BE00E7E326 /* greenButton.png in Resources */,
			);
			runOnlyForDeploymentPostprocessing = 0;
		};
/* End PBXResourcesBuildPhase section */

/* Begin PBXSourcesBuildPhase section */
		49048C3C1587E9B2009BAFC3 /* Sources */ = {
			isa = PBXSourcesBuildPhase;
			buildActionMask = 2147483647;
			files = (
				496DDB2815900EB00077E402 /* GMRegistrationViewController.m in Sources */,
				496DDABF158BEC850077E402 /* GMSplashNavigationController.m in Sources */,
				49537440158821B600356E1D /* SCImageCollectionViewItem.m in Sources */,
				49537442158821B600356E1D /* GMAppDelegate.m in Sources */,
				49537443158821B600356E1D /* GMSplashViewController.m in Sources */,
				49048D5C15881EE0009BAFC3 /* AFHTTPClient.m in Sources */,
				49048D5D15881EE0009BAFC3 /* AFHTTPRequestOperation.m in Sources */,
				49048D5E15881EE0009BAFC3 /* AFImageCache.m in Sources */,
				49048D5F15881EE0009BAFC3 /* AFImageRequestOperation.m in Sources */,
				49048D6015881EE0009BAFC3 /* AFJSONRequestOperation.m in Sources */,
				49048D6115881EE0009BAFC3 /* AFNetworkActivityIndicatorManager.m in Sources */,
				49048D6215881EE0009BAFC3 /* AFPropertyListRequestOperation.m in Sources */,
				49048D6315881EE0009BAFC3 /* AFURLConnectionOperation.m in Sources */,
				49048D6415881EE0009BAFC3 /* AFXMLRequestOperation.m in Sources */,
				49048D6515881EE0009BAFC3 /* UIImageView+AFNetworking.m in Sources */,
				49048D7215882144009BAFC3 /* main.m in Sources */,
				4953745515894F7F00356E1D /* GMSplashImagesStore.m in Sources */,
				496DDB3F159112640077E402 /* GMGrubmAPIClient.m in Sources */,
				496DDB55159224670077E402 /* GMSuggestedFoodTagsViewController.m in Sources */,
				496DDB5A159230C60077E402 /* GMSuggestedFoodHeaderView.m in Sources */,
				496DDB5D1592356B0077E402 /* GMSuggestedFoodsStore.m in Sources */,
				496DDB631592440A0077E402 /* GMFindFriendsViewController.m in Sources */,
				496DDB6E15925ED80077E402 /* UITableView+ReloadWithAnimation.m in Sources */,
				496DDB8F159BC1500077E402 /* GMBaseFacebookViewController.m in Sources */,
				496DDB92159BC1D70077E402 /* GMFindFacebookFriendsViewController.m in Sources */,
				49CC9A68159CD9EB00CC66EA /* MBProgressHUD.m in Sources */,
				49AB76BD159E707900E7E326 /* GMProfilesViewController.m in Sources */,
				49AB76C0159E708400E7E326 /* GMFollowButtonView.m in Sources */,
			);
			runOnlyForDeploymentPostprocessing = 0;
		};
/* End PBXSourcesBuildPhase section */

/* Begin PBXTargetDependency section */
		49048CC21587F313009BAFC3 /* PBXTargetDependency */ = {
			isa = PBXTargetDependency;
			name = SSToolkit;
			targetProxy = 49048CC11587F313009BAFC3 /* PBXContainerItemProxy */;
		};
		49048CC41587F313009BAFC3 /* PBXTargetDependency */ = {
			isa = PBXTargetDependency;
			name = SSToolkitResources;
			targetProxy = 49048CC31587F313009BAFC3 /* PBXContainerItemProxy */;
		};
/* End PBXTargetDependency section */

/* Begin PBXVariantGroup section */
		49048D2915881DAE009BAFC3 /* InfoPlist.strings */ = {
			isa = PBXVariantGroup;
			children = (
				49048D2A15881DAE009BAFC3 /* en */,
			);
			name = InfoPlist.strings;
			sourceTree = "<group>";
		};
/* End PBXVariantGroup section */

/* Begin XCBuildConfiguration section */
		49048C561587E9B3009BAFC3 /* Debug */ = {
			isa = XCBuildConfiguration;
			buildSettings = {
				ALWAYS_SEARCH_USER_PATHS = NO;
				ARCHS = "$(ARCHS_STANDARD_32_BIT)";
				CLANG_ENABLE_OBJC_ARC = YES;
				"CODE_SIGN_IDENTITY[sdk=iphoneos*]" = "iPhone Developer";
				COPY_PHASE_STRIP = NO;
				GCC_C_LANGUAGE_STANDARD = gnu99;
				GCC_DYNAMIC_NO_PIC = NO;
				GCC_OPTIMIZATION_LEVEL = 0;
				GCC_PREPROCESSOR_DEFINITIONS = (
					"DEBUG=1",
					"$(inherited)",
				);
				GCC_SYMBOLS_PRIVATE_EXTERN = NO;
				GCC_VERSION = com.apple.compilers.llvm.clang.1_0;
				GCC_WARN_ABOUT_RETURN_TYPE = YES;
				GCC_WARN_UNINITIALIZED_AUTOS = YES;
				GCC_WARN_UNUSED_VARIABLE = YES;
				IPHONEOS_DEPLOYMENT_TARGET = 5.1;
				SDKROOT = iphoneos;
			};
			name = Debug;
		};
		49048C571587E9B3009BAFC3 /* Release */ = {
			isa = XCBuildConfiguration;
			buildSettings = {
				ALWAYS_SEARCH_USER_PATHS = NO;
				ARCHS = "$(ARCHS_STANDARD_32_BIT)";
				CLANG_ENABLE_OBJC_ARC = YES;
				"CODE_SIGN_IDENTITY[sdk=iphoneos*]" = "iPhone Developer";
				COPY_PHASE_STRIP = YES;
				GCC_C_LANGUAGE_STANDARD = gnu99;
				GCC_VERSION = com.apple.compilers.llvm.clang.1_0;
				GCC_WARN_ABOUT_RETURN_TYPE = YES;
				GCC_WARN_UNINITIALIZED_AUTOS = YES;
				GCC_WARN_UNUSED_VARIABLE = YES;
				IPHONEOS_DEPLOYMENT_TARGET = 5.1;
				OTHER_CFLAGS = "-DNS_BLOCK_ASSERTIONS=1";
				SDKROOT = iphoneos;
				VALIDATE_PRODUCT = YES;
			};
			name = Release;
		};
		49048C591587E9B3009BAFC3 /* Debug */ = {
			isa = XCBuildConfiguration;
			buildSettings = {
				GCC_PRECOMPILE_PREFIX_HEADER = YES;
				GCC_PREFIX_HEADER = "Other Sources/Grubm-Prefix.pch";
				HEADER_SEARCH_PATHS = (
					"\"$(SRCROOT)/Vendor/SSToolkit\"",
					"\"$(SRCROOT)/Vendor/AFNetworking\"",
					"\"$(SRCROOT)/Vendor/IBAForms/library/headers\"",
				);
				INFOPLIST_FILE = "Resources/Grubm-Info.plist";
				LIBRARY_SEARCH_PATHS = (
					"$(inherited)",
					"\"$(SRCROOT)/Vendor/Facebook\"",
				);
				OTHER_LDFLAGS = (
					"-ObjC",
					"-all_load",
				);
				PRODUCT_NAME = "$(TARGET_NAME)";
				USER_HEADER_SEARCH_PATHS = "";
				WRAPPER_EXTENSION = app;
			};
			name = Debug;
		};
		49048C5A1587E9B3009BAFC3 /* Release */ = {
			isa = XCBuildConfiguration;
			buildSettings = {
				GCC_PRECOMPILE_PREFIX_HEADER = YES;
				GCC_PREFIX_HEADER = "Other Sources/Grubm-Prefix.pch";
				HEADER_SEARCH_PATHS = (
					"\"$(SRCROOT)/Vendor/SSToolkit\"",
					"\"$(SRCROOT)/Vendor/AFNetworking\"",
					"\"$(SRCROOT)/Vendor/IBAForms/library/headers\"",
				);
				INFOPLIST_FILE = "Resources/Grubm-Info.plist";
				LIBRARY_SEARCH_PATHS = (
					"$(inherited)",
					"\"$(SRCROOT)/Vendor/Facebook\"",
				);
				OTHER_LDFLAGS = (
					"-ObjC",
					"-all_load",
				);
				PRODUCT_NAME = "$(TARGET_NAME)";
				USER_HEADER_SEARCH_PATHS = "";
				WRAPPER_EXTENSION = app;
			};
			name = Release;
		};
/* End XCBuildConfiguration section */

/* Begin XCConfigurationList section */
		49048C3A1587E9B2009BAFC3 /* Build configuration list for PBXProject "Grubm" */ = {
			isa = XCConfigurationList;
			buildConfigurations = (
				49048C561587E9B3009BAFC3 /* Debug */,
				49048C571587E9B3009BAFC3 /* Release */,
			);
			defaultConfigurationIsVisible = 0;
			defaultConfigurationName = Release;
		};
		49048C581587E9B3009BAFC3 /* Build configuration list for PBXNativeTarget "Grubm" */ = {
			isa = XCConfigurationList;
			buildConfigurations = (
				49048C591587E9B3009BAFC3 /* Debug */,
				49048C5A1587E9B3009BAFC3 /* Release */,
			);
			defaultConfigurationIsVisible = 0;
			defaultConfigurationName = Release;
		};
/* End XCConfigurationList section */
	};
	rootObject = 49048C371587E9B2009BAFC3 /* Project object */;
}
